{
  "name": "placeorder",
  "version": "1.0.0",
  "lockfileVersion": 2,
  "requires": true,
  "packages": {
    "": {
      "name": "placeorder",
      "version": "1.0.0",
      "license": "ISC",
      "dependencies": {
        "nodemailer": "^6.4.17"
      }
    },
    "node_modules/nodemailer": {
      "version": "6.4.17",
      "resolved": "https://npm.apple.com/nodemailer/-/nodemailer-6.4.17.tgz",
      "integrity": "sha1-jemGGAKJU7gGgHdXcPk3JDp9eHc=",
      "engines": {
        "node": ">=6.0.0"
      }
    }
  },
  "dependencies": {
    "nodemailer": {
      "version": "6.4.17",
      "resolved": "https://npm.apple.com/nodemailer/-/nodemailer-6.4.17.tgz",
      "integrity": "sha1-jemGGAKJU7gGgHdXcPk3JDp9eHc="
    }
  }
}
